
Microsoft Visual Studio Solution File, Format Version 12.00
# Visual Studio Version 17
VisualStudioVersion = 17.4.33213.308
MinimumVisualStudioVersion = 10.0.40219.1
Project("{FAE04EC0-301F-11D3-BF4B-00C04F79EFBC}") = "PrzestawieniaMacierzowe", "PrzestawieniaMacierzowe\PrzestawieniaMacierzowe.csproj", "{6AAEE582-A717-478E-9863-7B93E23ADA07}"
EndProject
Global
	GlobalSection(SolutionConfigurationPlatforms) = preSolution
		Debug|Any CPU = Debug|Any CPU
		Release|Any CPU = Release|Any CPU
	EndGlobalSection
	GlobalSection(ProjectConfigurationPlatforms) = postSolution
		{6AAEE582-A717-478E-9863-7B93E23ADA07}.Debug|Any CPU.ActiveCfg = Debug|Any CPU
		{6AAEE582-A717-478E-9863-7B93E23ADA07}.Debug|Any CPU.Build.0 = Debug|Any CPU
		{6AAEE582-A717-478E-9863-7B93E23ADA07}.Release|Any CPU.ActiveCfg = Release|Any CPU
		{6AAEE582-A717-478E-9863-7B93E23ADA07}.Release|Any CPU.Build.0 = Release|Any CPU
	EndGlobalSection
	GlobalSection(SolutionProperties) = preSolution
		HideSolutionNode = FALSE
	EndGlobalSection
	GlobalSection(ExtensibilityGlobals) = postSolution
		SolutionGuid = {A0FE6A5F-EEF8-4811-9B3C-CBF49AE93611}
	EndGlobalSection
EndGlobal
